
Microsoft Visual Studio Solution File, Format Version 12.00
# Visual Studio 15
VisualStudioVersion = 15.0.28307.1972
MinimumVisualStudioVersion = 10.0.40219.1
Project("{F184B08F-C81C-45F6-A57F-5ABD9991F28F}") = "sfForm", "sfForm\sfForm.vbproj", "{367ADBDD-DAE0-4B4C-98A0-B99BCB8D78FF}"
EndProject
Global
	GlobalSection(SolutionConfigurationPlatforms) = preSolution
		Debug|Any CPU = Debug|Any CPU
		Release|Any CPU = Release|Any CPU
	EndGlobalSection
	GlobalSection(ProjectConfigurationPlatforms) = postSolution
		{367ADBDD-DAE0-4B4C-98A0-B99BCB8D78FF}.Debug|Any CPU.ActiveCfg = Debug|Any CPU
		{367ADBDD-DAE0-4B4C-98A0-B99BCB8D78FF}.Debug|Any CPU.Build.0 = Debug|Any CPU
		{367ADBDD-DAE0-4B4C-98A0-B99BCB8D78FF}.Release|Any CPU.ActiveCfg = Release|Any CPU
		{367ADBDD-DAE0-4B4C-98A0-B99BCB8D78FF}.Release|Any CPU.Build.0 = Release|Any CPU
	EndGlobalSection
	GlobalSection(SolutionProperties) = preSolution
		HideSolutionNode = FALSE
	EndGlobalSection
	GlobalSection(ExtensibilityGlobals) = postSolution
		SolutionGuid = {EC23C73A-4156-4CAD-8F1D-DAD69AD76FF4}
	EndGlobalSection
EndGlobal
